
Microsoft Visual Studio Solution File, Format Version 12.00
# Visual Studio Version 17
VisualStudioVersion = 17.5.002.0
MinimumVisualStudioVersion = 10.0.40219.1
Project("{9A19103F-16F7-4668-BE54-9A1E7A4F7556}") = "Avl", "src\Avl.csproj", "{F81AA516-9312-443E-A825-9972B5913F00}"
EndProject
Global
	GlobalSection(SolutionConfigurationPlatforms) = preSolution
		Debug|Any CPU = Debug|Any CPU
		Release|Any CPU = Release|Any CPU
	EndGlobalSection
	GlobalSection(ProjectConfigurationPlatforms) = postSolution
		{F81AA516-9312-443E-A825-9972B5913F00}.Debug|Any CPU.ActiveCfg = Debug|Any CPU
		{F81AA516-9312-443E-A825-9972B5913F00}.Debug|Any CPU.Build.0 = Debug|Any CPU
		{F81AA516-9312-443E-A825-9972B5913F00}.Release|Any CPU.ActiveCfg = Release|Any CPU
		{F81AA516-9312-443E-A825-9972B5913F00}.Release|Any CPU.Build.0 = Release|Any CPU
	EndGlobalSection
	GlobalSection(SolutionProperties) = preSolution
		HideSolutionNode = FALSE
	EndGlobalSection
	GlobalSection(ExtensibilityGlobals) = postSolution
		SolutionGuid = {A4ACFBFB-E42C-47DB-9AA7-AF2E51F64DDD}
	EndGlobalSection
EndGlobal
